{
  "nodes": {
    "nixpkgs": {
      "locked": {
        "lastModified": 1769256542,
        "narHash": "sha256-rMTZ7/JvpARi7OLiIQ5ePZAmJmk8MOWVS8Xk3zXrJ1k=",
        "owner": "nixos",
        "repo": "nixpkgs",
        "rev": "eb29b926343fe720ad0d285733070cb678289fca",
        "type": "github"
      },
      "original": {
        "owner": "nixos",
        "repo": "nixpkgs",
        "rev": "eb29b926343fe720ad0d285733070cb678289fca",
        "type": "github"
      }
    },
    "root": {
      "inputs": {
        "nixpkgs": "nixpkgs"
      }
    }
  },
  "root": "root",
  "version": 7
}
