{
  "nodes": {
    "flake-parts": {
      "inputs": {
        "nixpkgs-lib": "nixpkgs-lib"
      },
      "locked": {
        "lastModified": 1680392223,
        "narHash": "sha256-n3g7QFr85lDODKt250rkZj2IFS3i4/8HBU2yKHO3tqw=",
        "owner": "hercules-ci",
        "repo": "flake-parts",
        "rev": "dcc36e45d054d7bb554c9cdab69093debd91a0b5",
        "type": "github"
      },
      "original": {
        "owner": "hercules-ci",
        "repo": "flake-parts",
        "type": "github"
      }
    },
    "flake-parts_10": {
      "inputs": {
        "nixpkgs-lib": "nixpkgs-lib_10"
      },
      "locked": {
        "lastModified": 1680392223,
        "narHash": "sha256-n3g7QFr85lDODKt250rkZj2IFS3i4/8HBU2yKHO3tqw=",
        "owner": "hercules-ci",
        "repo": "flake-parts",
        "rev": "dcc36e45d054d7bb554c9cdab69093debd91a0b5",
        "type": "github"
      },
      "original": {
        "owner": "hercules-ci",
        "repo": "flake-parts",
        "type": "github"
      }
    },
    "flake-parts_11": {
      "inputs": {
        "nixpkgs-lib": "nixpkgs-lib_11"
      },
      "locked": {
        "lastModified": 1680392223,
        "narHash": "sha256-n3g7QFr85lDODKt250rkZj2IFS3i4/8HBU2yKHO3tqw=",
        "owner": "hercules-ci",
        "repo": "flake-parts",
        "rev": "dcc36e45d054d7bb554c9cdab69093debd91a0b5",
        "type": "github"
      },
      "original": {
        "owner": "hercules-ci",
        "repo": "flake-parts",
        "type": "github"
      }
    },
    "flake-parts_12": {
      "inputs": {
        "nixpkgs-lib": "nixpkgs-lib_12"
      },
      "locked": {
        "lastModified": 1680392223,
        "narHash": "sha256-n3g7QFr85lDODKt250rkZj2IFS3i4/8HBU2yKHO3tqw=",
        "owner": "hercules-ci",
        "repo": "flake-parts",
        "rev": "dcc36e45d054d7bb554c9cdab69093debd91a0b5",
        "type": "github"
      },
      "original": {
        "owner": "hercules-ci",
        "repo": "flake-parts",
        "type": "github"
      }
    },
    "flake-parts_2": {
      "inputs": {
        "nixpkgs-lib": "nixpkgs-lib_2"
      },
      "locked": {
        "lastModified": 1680392223,
        "narHash": "sha256-n3g7QFr85lDODKt250rkZj2IFS3i4/8HBU2yKHO3tqw=",
        "owner": "hercules-ci",
        "repo": "flake-parts",
        "rev": "dcc36e45d054d7bb554c9cdab69093debd91a0b5",
        "type": "github"
      },
      "original": {
        "owner": "hercules-ci",
        "repo": "flake-parts",
        "type": "github"
      }
    },
    "flake-parts_3": {
      "inputs": {
        "nixpkgs-lib": "nixpkgs-lib_3"
      },
      "locked": {
        "lastModified": 1680392223,
        "narHash": "sha256-n3g7QFr85lDODKt250rkZj2IFS3i4/8HBU2yKHO3tqw=",
        "owner": "hercules-ci",
        "repo": "flake-parts",
        "rev": "dcc36e45d054d7bb554c9cdab69093debd91a0b5",
        "type": "github"
      },
      "original": {
        "owner": "hercules-ci",
        "repo": "flake-parts",
        "type": "github"
      }
    },
    "flake-parts_4": {
      "inputs": {
        "nixpkgs-lib": "nixpkgs-lib_4"
      },
      "locked": {
        "lastModified": 1680392223,
        "narHash": "sha256-n3g7QFr85lDODKt250rkZj2IFS3i4/8HBU2yKHO3tqw=",
        "owner": "hercules-ci",
        "repo": "flake-parts",
        "rev": "dcc36e45d054d7bb554c9cdab69093debd91a0b5",
        "type": "github"
      },
      "original": {
        "owner": "hercules-ci",
        "repo": "flake-parts",
        "type": "github"
      }
    },
    "flake-parts_5": {
      "inputs": {
        "nixpkgs-lib": "nixpkgs-lib_5"
      },
      "locked": {
        "lastModified": 1680392223,
        "narHash": "sha256-n3g7QFr85lDODKt250rkZj2IFS3i4/8HBU2yKHO3tqw=",
        "owner": "hercules-ci",
        "repo": "flake-parts",
        "rev": "dcc36e45d054d7bb554c9cdab69093debd91a0b5",
        "type": "github"
      },
      "original": {
        "owner": "hercules-ci",
        "repo": "flake-parts",
        "type": "github"
      }
    },
    "flake-parts_6": {
      "inputs": {
        "nixpkgs-lib": "nixpkgs-lib_6"
      },
      "locked": {
        "lastModified": 1680392223,
        "narHash": "sha256-n3g7QFr85lDODKt250rkZj2IFS3i4/8HBU2yKHO3tqw=",
        "owner": "hercules-ci",
        "repo": "flake-parts",
        "rev": "dcc36e45d054d7bb554c9cdab69093debd91a0b5",
        "type": "github"
      },
      "original": {
        "owner": "hercules-ci",
        "repo": "flake-parts",
        "type": "github"
      }
    },
    "flake-parts_7": {
      "inputs": {
        "nixpkgs-lib": "nixpkgs-lib_7"
      },
      "locked": {
        "lastModified": 1680392223,
        "narHash": "sha256-n3g7QFr85lDODKt250rkZj2IFS3i4/8HBU2yKHO3tqw=",
        "owner": "hercules-ci",
        "repo": "flake-parts",
        "rev": "dcc36e45d054d7bb554c9cdab69093debd91a0b5",
        "type": "github"
      },
      "original": {
        "owner": "hercules-ci",
        "repo": "flake-parts",
        "type": "github"
      }
    },
    "flake-parts_8": {
      "inputs": {
        "nixpkgs-lib": "nixpkgs-lib_8"
      },
      "locked": {
        "lastModified": 1680392223,
        "narHash": "sha256-n3g7QFr85lDODKt250rkZj2IFS3i4/8HBU2yKHO3tqw=",
        "owner": "hercules-ci",
        "repo": "flake-parts",
        "rev": "dcc36e45d054d7bb554c9cdab69093debd91a0b5",
        "type": "github"
      },
      "original": {
        "owner": "hercules-ci",
        "repo": "flake-parts",
        "type": "github"
      }
    },
    "flake-parts_9": {
      "inputs": {
        "nixpkgs-lib": "nixpkgs-lib_9"
      },
      "locked": {
        "lastModified": 1680392223,
        "narHash": "sha256-n3g7QFr85lDODKt250rkZj2IFS3i4/8HBU2yKHO3tqw=",
        "owner": "hercules-ci",
        "repo": "flake-parts",
        "rev": "dcc36e45d054d7bb554c9cdab69093debd91a0b5",
        "type": "github"
      },
      "original": {
        "owner": "hercules-ci",
        "repo": "flake-parts",
        "type": "github"
      }
    },
    "flake-root": {
      "locked": {
        "lastModified": 1680210152,
        "narHash": "sha256-VgFdqsu2i2oUcId9n8BFlRRc4GJHFvrmprdamcSZR1o=",
        "owner": "srid",
        "repo": "flake-root",
        "rev": "6000244701c8ae8cf43263564095fd357d89c328",
        "type": "github"
      },
      "original": {
        "owner": "srid",
        "repo": "flake-root",
        "type": "github"
      }
    },
    "flake-root_2": {
      "locked": {
        "lastModified": 1680210152,
        "narHash": "sha256-VgFdqsu2i2oUcId9n8BFlRRc4GJHFvrmprdamcSZR1o=",
        "owner": "srid",
        "repo": "flake-root",
        "rev": "6000244701c8ae8cf43263564095fd357d89c328",
        "type": "github"
      },
      "original": {
        "owner": "srid",
        "repo": "flake-root",
        "type": "github"
      }
    },
    "flake-root_3": {
      "locked": {
        "lastModified": 1680210152,
        "narHash": "sha256-VgFdqsu2i2oUcId9n8BFlRRc4GJHFvrmprdamcSZR1o=",
        "owner": "srid",
        "repo": "flake-root",
        "rev": "6000244701c8ae8cf43263564095fd357d89c328",
        "type": "github"
      },
      "original": {
        "owner": "srid",
        "repo": "flake-root",
        "type": "github"
      }
    },
    "flake-root_4": {
      "locked": {
        "lastModified": 1680210152,
        "narHash": "sha256-VgFdqsu2i2oUcId9n8BFlRRc4GJHFvrmprdamcSZR1o=",
        "owner": "srid",
        "repo": "flake-root",
        "rev": "6000244701c8ae8cf43263564095fd357d89c328",
        "type": "github"
      },
      "original": {
        "owner": "srid",
        "repo": "flake-root",
        "type": "github"
      }
    },
    "flake-root_5": {
      "locked": {
        "lastModified": 1680210152,
        "narHash": "sha256-VgFdqsu2i2oUcId9n8BFlRRc4GJHFvrmprdamcSZR1o=",
        "owner": "srid",
        "repo": "flake-root",
        "rev": "6000244701c8ae8cf43263564095fd357d89c328",
        "type": "github"
      },
      "original": {
        "owner": "srid",
        "repo": "flake-root",
        "type": "github"
      }
    },
    "flake-root_6": {
      "locked": {
        "lastModified": 1680210152,
        "narHash": "sha256-VgFdqsu2i2oUcId9n8BFlRRc4GJHFvrmprdamcSZR1o=",
        "owner": "srid",
        "repo": "flake-root",
        "rev": "6000244701c8ae8cf43263564095fd357d89c328",
        "type": "github"
      },
      "original": {
        "owner": "srid",
        "repo": "flake-root",
        "type": "github"
      }
    },
    "flake-root_7": {
      "locked": {
        "lastModified": 1680210152,
        "narHash": "sha256-VgFdqsu2i2oUcId9n8BFlRRc4GJHFvrmprdamcSZR1o=",
        "owner": "srid",
        "repo": "flake-root",
        "rev": "6000244701c8ae8cf43263564095fd357d89c328",
        "type": "github"
      },
      "original": {
        "owner": "srid",
        "repo": "flake-root",
        "type": "github"
      }
    },
    "flake-root_8": {
      "locked": {
        "lastModified": 1680210152,
        "narHash": "sha256-VgFdqsu2i2oUcId9n8BFlRRc4GJHFvrmprdamcSZR1o=",
        "owner": "srid",
        "repo": "flake-root",
        "rev": "6000244701c8ae8cf43263564095fd357d89c328",
        "type": "github"
      },
      "original": {
        "owner": "srid",
        "repo": "flake-root",
        "type": "github"
      }
    },
    "haskell-flake": {
      "locked": {
        "lastModified": 1680209587,
        "narHash": "sha256-pkoi6erX5sSrSOIqkbiWP3x5BdvMZuQ9BsrXJB4HxW8=",
        "owner": "srid",
        "repo": "haskell-flake",
        "rev": "2fde5d0cab1dd517b71c232053a15dc7cc09017c",
        "type": "github"
      },
      "original": {
        "owner": "srid",
        "repo": "haskell-flake",
        "type": "github"
      }
    },
    "haskell-flake_10": {
      "locked": {
        "lastModified": 1680209587,
        "narHash": "sha256-pkoi6erX5sSrSOIqkbiWP3x5BdvMZuQ9BsrXJB4HxW8=",
        "owner": "srid",
        "repo": "haskell-flake",
        "rev": "2fde5d0cab1dd517b71c232053a15dc7cc09017c",
        "type": "github"
      },
      "original": {
        "owner": "srid",
        "repo": "haskell-flake",
        "type": "github"
      }
    },
    "haskell-flake_11": {
      "locked": {
        "lastModified": 1680719649,
        "narHash": "sha256-HgBPgdrNwRTK94YngTREi75iLI5l3kWlxwTRIGHIcuo=",
        "owner": "srid",
        "repo": "haskell-flake",
        "rev": "bae56fa9844e541b8359a272dae7a7c12911612f",
        "type": "github"
      },
      "original": {
        "owner": "srid",
        "repo": "haskell-flake",
        "type": "github"
      }
    },
    "haskell-flake_12": {
      "locked": {
        "lastModified": 1680209587,
        "narHash": "sha256-pkoi6erX5sSrSOIqkbiWP3x5BdvMZuQ9BsrXJB4HxW8=",
        "owner": "srid",
        "repo": "haskell-flake",
        "rev": "2fde5d0cab1dd517b71c232053a15dc7cc09017c",
        "type": "github"
      },
      "original": {
        "owner": "srid",
        "repo": "haskell-flake",
        "type": "github"
      }
    },
    "haskell-flake_2": {
      "locked": {
        "lastModified": 1680209587,
        "narHash": "sha256-pkoi6erX5sSrSOIqkbiWP3x5BdvMZuQ9BsrXJB4HxW8=",
        "owner": "srid",
        "repo": "haskell-flake",
        "rev": "2fde5d0cab1dd517b71c232053a15dc7cc09017c",
        "type": "github"
      },
      "original": {
        "owner": "srid",
        "repo": "haskell-flake",
        "type": "github"
      }
    },
    "haskell-flake_3": {
      "locked": {
        "lastModified": 1680719649,
        "narHash": "sha256-HgBPgdrNwRTK94YngTREi75iLI5l3kWlxwTRIGHIcuo=",
        "owner": "srid",
        "repo": "haskell-flake",
        "rev": "bae56fa9844e541b8359a272dae7a7c12911612f",
        "type": "github"
      },
      "original": {
        "owner": "srid",
        "repo": "haskell-flake",
        "type": "github"
      }
    },
    "haskell-flake_4": {
      "locked": {
        "lastModified": 1680209587,
        "narHash": "sha256-pkoi6erX5sSrSOIqkbiWP3x5BdvMZuQ9BsrXJB4HxW8=",
        "owner": "srid",
        "repo": "haskell-flake",
        "rev": "2fde5d0cab1dd517b71c232053a15dc7cc09017c",
        "type": "github"
      },
      "original": {
        "owner": "srid",
        "repo": "haskell-flake",
        "type": "github"
      }
    },
    "haskell-flake_5": {
      "locked": {
        "lastModified": 1680719649,
        "narHash": "sha256-HgBPgdrNwRTK94YngTREi75iLI5l3kWlxwTRIGHIcuo=",
        "owner": "srid",
        "repo": "haskell-flake",
        "rev": "bae56fa9844e541b8359a272dae7a7c12911612f",
        "type": "github"
      },
      "original": {
        "owner": "srid",
        "repo": "haskell-flake",
        "type": "github"
      }
    },
    "haskell-flake_6": {
      "locked": {
        "lastModified": 1680209587,
        "narHash": "sha256-pkoi6erX5sSrSOIqkbiWP3x5BdvMZuQ9BsrXJB4HxW8=",
        "owner": "srid",
        "repo": "haskell-flake",
        "rev": "2fde5d0cab1dd517b71c232053a15dc7cc09017c",
        "type": "github"
      },
      "original": {
        "owner": "srid",
        "repo": "haskell-flake",
        "type": "github"
      }
    },
    "haskell-flake_7": {
      "locked": {
        "lastModified": 1680719649,
        "narHash": "sha256-HgBPgdrNwRTK94YngTREi75iLI5l3kWlxwTRIGHIcuo=",
        "owner": "srid",
        "repo": "haskell-flake",
        "rev": "bae56fa9844e541b8359a272dae7a7c12911612f",
        "type": "github"
      },
      "original": {
        "owner": "srid",
        "repo": "haskell-flake",
        "type": "github"
      }
    },
    "haskell-flake_8": {
      "locked": {
        "lastModified": 1680209587,
        "narHash": "sha256-pkoi6erX5sSrSOIqkbiWP3x5BdvMZuQ9BsrXJB4HxW8=",
        "owner": "srid",
        "repo": "haskell-flake",
        "rev": "2fde5d0cab1dd517b71c232053a15dc7cc09017c",
        "type": "github"
      },
      "original": {
        "owner": "srid",
        "repo": "haskell-flake",
        "type": "github"
      }
    },
    "haskell-flake_9": {
      "locked": {
        "lastModified": 1680719649,
        "narHash": "sha256-HgBPgdrNwRTK94YngTREi75iLI5l3kWlxwTRIGHIcuo=",
        "owner": "srid",
        "repo": "haskell-flake",
        "rev": "bae56fa9844e541b8359a272dae7a7c12911612f",
        "type": "github"
      },
      "original": {
        "owner": "srid",
        "repo": "haskell-flake",
        "type": "github"
      }
    },
    "hasql-api": {
      "inputs": {
        "flake-parts": "flake-parts_2",
        "flake-root": "flake-root_2",
        "haskell-flake": "haskell-flake_2",
        "mission-control": "mission-control",
        "nixpkgs": "nixpkgs",
        "treefmt-nix": "treefmt-nix"
      },
      "locked": {
        "lastModified": 1682012584,
        "narHash": "sha256-osxuRbHYvNxoLTWnS6Nm6wLUlHlLPBOqyTP9FvrXobs=",
        "owner": "mkleczek",
        "repo": "hasql-api",
        "rev": "73ff5721d51f9fc4bcf0c287ecb79d74e6ccb019",
        "type": "github"
      },
      "original": {
        "owner": "mkleczek",
        "repo": "hasql-api",
        "type": "github"
      }
    },
    "hasql-api_2": {
      "inputs": {
        "flake-parts": "flake-parts_4",
        "flake-root": "flake-root_3",
        "haskell-flake": "haskell-flake_4",
        "mission-control": "mission-control_2",
        "nixpkgs": "nixpkgs_2",
        "treefmt-nix": "treefmt-nix_2"
      },
      "locked": {
        "lastModified": 1681822367,
        "narHash": "sha256-a5cZW7j9MuJl30ZPBIRb1pHs139hMjGNkDCr4wx/fI0=",
        "owner": "mkleczek",
        "repo": "hasql-api",
        "rev": "83167b1d2b54e895ae0df8fcc8f600a6f9f38dc4",
        "type": "github"
      },
      "original": {
        "owner": "mkleczek",
        "repo": "hasql-api",
        "type": "github"
      }
    },
    "hasql-api_3": {
      "inputs": {
        "flake-parts": "flake-parts_6",
        "flake-root": "flake-root_5",
        "haskell-flake": "haskell-flake_6",
        "mission-control": "mission-control_3",
        "nixpkgs": "nixpkgs_4",
        "treefmt-nix": "treefmt-nix_3"
      },
      "locked": {
        "lastModified": 1681822367,
        "narHash": "sha256-a5cZW7j9MuJl30ZPBIRb1pHs139hMjGNkDCr4wx/fI0=",
        "owner": "mkleczek",
        "repo": "hasql-api",
        "rev": "83167b1d2b54e895ae0df8fcc8f600a6f9f38dc4",
        "type": "github"
      },
      "original": {
        "owner": "mkleczek",
        "repo": "hasql-api",
        "type": "github"
      }
    },
    "hasql-api_4": {
      "inputs": {
        "flake-parts": "flake-parts_8",
        "flake-root": "flake-root_6",
        "haskell-flake": "haskell-flake_8",
        "mission-control": "mission-control_4",
        "nixpkgs": "nixpkgs_5",
        "treefmt-nix": "treefmt-nix_4"
      },
      "locked": {
        "lastModified": 1681822367,
        "narHash": "sha256-a5cZW7j9MuJl30ZPBIRb1pHs139hMjGNkDCr4wx/fI0=",
        "owner": "mkleczek",
        "repo": "hasql-api",
        "rev": "83167b1d2b54e895ae0df8fcc8f600a6f9f38dc4",
        "type": "github"
      },
      "original": {
        "owner": "mkleczek",
        "repo": "hasql-api",
        "type": "github"
      }
    },
    "hasql-api_5": {
      "inputs": {
        "flake-parts": "flake-parts_10",
        "flake-root": "flake-root_7",
        "haskell-flake": "haskell-flake_10",
        "mission-control": "mission-control_6",
        "nixpkgs": "nixpkgs_8",
        "treefmt-nix": "treefmt-nix_6"
      },
      "locked": {
        "lastModified": 1681905135,
        "narHash": "sha256-QyuAKR+KNGxdPfDjAEtNDlSXln3h0LIAhfVCix1LH7E=",
        "owner": "mkleczek",
        "repo": "hasql-api",
        "rev": "ba0e07bf760b4a06c2ea3e2d313d14ac27c73d26",
        "type": "github"
      },
      "original": {
        "owner": "mkleczek",
        "repo": "hasql-api",
        "type": "github"
      }
    },
    "hasql-api_6": {
      "inputs": {
        "flake-parts": "flake-parts_12",
        "flake-root": "flake-root_8",
        "haskell-flake": "haskell-flake_12",
        "mission-control": "mission-control_7",
        "nixpkgs": "nixpkgs_10",
        "treefmt-nix": "treefmt-nix_7"
      },
      "locked": {
        "lastModified": 1681822367,
        "narHash": "sha256-a5cZW7j9MuJl30ZPBIRb1pHs139hMjGNkDCr4wx/fI0=",
        "owner": "mkleczek",
        "repo": "hasql-api",
        "rev": "83167b1d2b54e895ae0df8fcc8f600a6f9f38dc4",
        "type": "github"
      },
      "original": {
        "owner": "mkleczek",
        "repo": "hasql-api",
        "type": "github"
      }
    },
    "hasql-dynamic-statements": {
      "inputs": {
        "flake-parts": "flake-parts_3",
        "haskell-flake": "haskell-flake_3",
        "hasql-api": "hasql-api_2",
        "nixpkgs": "nixpkgs_3"
      },
      "locked": {
        "lastModified": 1681828516,
        "narHash": "sha256-L/2AEE53KSwUlta5RH3ErvW7HIR79zwVriE9dS8PY2E=",
        "owner": "mkleczek",
        "repo": "hasql-dynamic-statements",
        "rev": "783a23fc09415e976991c7d83a92c7fcda51869c",
        "type": "github"
      },
      "original": {
        "owner": "mkleczek",
        "repo": "hasql-dynamic-statements",
        "type": "github"
      }
    },
    "hasql-notifications": {
      "inputs": {
        "flake-parts": "flake-parts_5",
        "flake-root": "flake-root_4",
        "haskell-flake": "haskell-flake_5",
        "hasql-api": "hasql-api_3",
        "hasql-pool": "hasql-pool",
        "mission-control": "mission-control_5",
        "nixpkgs": "nixpkgs_7",
        "treefmt-nix": "treefmt-nix_5"
      },
      "locked": {
        "lastModified": 1681879846,
        "narHash": "sha256-XciwTCWPVEtML1d/4VGxzXABfgWvhPUSrk94u2WNl8I=",
        "owner": "mkleczek",
        "repo": "hasql-notifications",
        "rev": "c3cd1e87fd38b70fe330a467d8d9f785eb4fe291",
        "type": "github"
      },
      "original": {
        "owner": "mkleczek",
        "repo": "hasql-notifications",
        "type": "github"
      }
    },
    "hasql-pool": {
      "inputs": {
        "flake-parts": "flake-parts_7",
        "haskell-flake": "haskell-flake_7",
        "hasql-api": "hasql-api_4",
        "nixpkgs": "nixpkgs_6"
      },
      "locked": {
        "lastModified": 1681826883,
        "narHash": "sha256-+AoMfvCVU3UYiMx+xXqBoVqfcSdBTpYAG5QbhbnGdx8=",
        "owner": "mkleczek",
        "repo": "hasql-pool",
        "rev": "8df0a0cdd12ba0238929dccdbdd93a1c7b09e291",
        "type": "github"
      },
      "original": {
        "owner": "mkleczek",
        "repo": "hasql-pool",
        "type": "github"
      }
    },
    "hasql-pool_2": {
      "inputs": {
        "flake-parts": "flake-parts_9",
        "haskell-flake": "haskell-flake_9",
        "hasql-api": "hasql-api_5",
        "nixpkgs": "nixpkgs_9"
      },
      "locked": {
        "lastModified": 1681910220,
        "narHash": "sha256-lTX57zLdQJjWbGevRx5c1PckSFq+SERFz1qv6t31lW4=",
        "owner": "mkleczek",
        "repo": "hasql-pool",
        "rev": "7712478621087b3e0f92f9f4253485d908dfac33",
        "type": "github"
      },
      "original": {
        "owner": "mkleczek",
        "repo": "hasql-pool",
        "type": "github"
      }
    },
    "hasql-transaction": {
      "inputs": {
        "flake-parts": "flake-parts_11",
        "haskell-flake": "haskell-flake_11",
        "hasql-api": "hasql-api_6",
        "nixpkgs": "nixpkgs_11"
      },
      "locked": {
        "lastModified": 1681823108,
        "narHash": "sha256-jN+5Fmv4+G/V3ejCUrDh9jG6l9FS/W9+pdaCEzl70Zg=",
        "owner": "mkleczek",
        "repo": "hasql-transaction",
        "rev": "78e5907d0ab10398a253d493ad4ef626e26d5e0f",
        "type": "github"
      },
      "original": {
        "owner": "mkleczek",
        "repo": "hasql-transaction",
        "type": "github"
      }
    },
    "mission-control": {
      "locked": {
        "lastModified": 1680209746,
        "narHash": "sha256-P8Q0mPdeo2SvKQUejvl7nOKO2ahIXb6aintYofCxcP8=",
        "owner": "Platonic-Systems",
        "repo": "mission-control",
        "rev": "c1bd7344283d4006efb02cc660c5fd9befb73980",
        "type": "github"
      },
      "original": {
        "owner": "Platonic-Systems",
        "repo": "mission-control",
        "type": "github"
      }
    },
    "mission-control_2": {
      "locked": {
        "lastModified": 1680209746,
        "narHash": "sha256-P8Q0mPdeo2SvKQUejvl7nOKO2ahIXb6aintYofCxcP8=",
        "owner": "Platonic-Systems",
        "repo": "mission-control",
        "rev": "c1bd7344283d4006efb02cc660c5fd9befb73980",
        "type": "github"
      },
      "original": {
        "owner": "Platonic-Systems",
        "repo": "mission-control",
        "type": "github"
      }
    },
    "mission-control_3": {
      "locked": {
        "lastModified": 1680209746,
        "narHash": "sha256-P8Q0mPdeo2SvKQUejvl7nOKO2ahIXb6aintYofCxcP8=",
        "owner": "Platonic-Systems",
        "repo": "mission-control",
        "rev": "c1bd7344283d4006efb02cc660c5fd9befb73980",
        "type": "github"
      },
      "original": {
        "owner": "Platonic-Systems",
        "repo": "mission-control",
        "type": "github"
      }
    },
    "mission-control_4": {
      "locked": {
        "lastModified": 1680209746,
        "narHash": "sha256-P8Q0mPdeo2SvKQUejvl7nOKO2ahIXb6aintYofCxcP8=",
        "owner": "Platonic-Systems",
        "repo": "mission-control",
        "rev": "c1bd7344283d4006efb02cc660c5fd9befb73980",
        "type": "github"
      },
      "original": {
        "owner": "Platonic-Systems",
        "repo": "mission-control",
        "type": "github"
      }
    },
    "mission-control_5": {
      "locked": {
        "lastModified": 1680209746,
        "narHash": "sha256-P8Q0mPdeo2SvKQUejvl7nOKO2ahIXb6aintYofCxcP8=",
        "owner": "Platonic-Systems",
        "repo": "mission-control",
        "rev": "c1bd7344283d4006efb02cc660c5fd9befb73980",
        "type": "github"
      },
      "original": {
        "owner": "Platonic-Systems",
        "repo": "mission-control",
        "type": "github"
      }
    },
    "mission-control_6": {
      "locked": {
        "lastModified": 1680209746,
        "narHash": "sha256-P8Q0mPdeo2SvKQUejvl7nOKO2ahIXb6aintYofCxcP8=",
        "owner": "Platonic-Systems",
        "repo": "mission-control",
        "rev": "c1bd7344283d4006efb02cc660c5fd9befb73980",
        "type": "github"
      },
      "original": {
        "owner": "Platonic-Systems",
        "repo": "mission-control",
        "type": "github"
      }
    },
    "mission-control_7": {
      "locked": {
        "lastModified": 1680209746,
        "narHash": "sha256-P8Q0mPdeo2SvKQUejvl7nOKO2ahIXb6aintYofCxcP8=",
        "owner": "Platonic-Systems",
        "repo": "mission-control",
        "rev": "c1bd7344283d4006efb02cc660c5fd9befb73980",
        "type": "github"
      },
      "original": {
        "owner": "Platonic-Systems",
        "repo": "mission-control",
        "type": "github"
      }
    },
    "mission-control_8": {
      "locked": {
        "lastModified": 1680209746,
        "narHash": "sha256-P8Q0mPdeo2SvKQUejvl7nOKO2ahIXb6aintYofCxcP8=",
        "owner": "Platonic-Systems",
        "repo": "mission-control",
        "rev": "c1bd7344283d4006efb02cc660c5fd9befb73980",
        "type": "github"
      },
      "original": {
        "owner": "Platonic-Systems",
        "repo": "mission-control",
        "type": "github"
      }
    },
    "nixpkgs": {
      "locked": {
        "lastModified": 1680577567,
        "narHash": "sha256-Y4W57i0TzczqwMTjfVSbAZT5RJx7u+mpQIW/ofrkTQs=",
        "owner": "nixos",
        "repo": "nixpkgs",
        "rev": "b01f185e4866de7c5b5a82f833ca9ea3c3f72fc4",
        "type": "github"
      },
      "original": {
        "owner": "nixos",
        "ref": "nixpkgs-unstable",
        "repo": "nixpkgs",
        "type": "github"
      }
    },
    "nixpkgs-lib": {
      "locked": {
        "dir": "lib",
        "lastModified": 1680213900,
        "narHash": "sha256-cIDr5WZIj3EkKyCgj/6j3HBH4Jj1W296z7HTcWj1aMA=",
        "owner": "NixOS",
        "repo": "nixpkgs",
        "rev": "e3652e0735fbec227f342712f180f4f21f0594f2",
        "type": "github"
      },
      "original": {
        "dir": "lib",
        "owner": "NixOS",
        "ref": "nixos-unstable",
        "repo": "nixpkgs",
        "type": "github"
      }
    },
    "nixpkgs-lib_10": {
      "locked": {
        "dir": "lib",
        "lastModified": 1680213900,
        "narHash": "sha256-cIDr5WZIj3EkKyCgj/6j3HBH4Jj1W296z7HTcWj1aMA=",
        "owner": "NixOS",
        "repo": "nixpkgs",
        "rev": "e3652e0735fbec227f342712f180f4f21f0594f2",
        "type": "github"
      },
      "original": {
        "dir": "lib",
        "owner": "NixOS",
        "ref": "nixos-unstable",
        "repo": "nixpkgs",
        "type": "github"
      }
    },
    "nixpkgs-lib_11": {
      "locked": {
        "dir": "lib",
        "lastModified": 1680213900,
        "narHash": "sha256-cIDr5WZIj3EkKyCgj/6j3HBH4Jj1W296z7HTcWj1aMA=",
        "owner": "NixOS",
        "repo": "nixpkgs",
        "rev": "e3652e0735fbec227f342712f180f4f21f0594f2",
        "type": "github"
      },
      "original": {
        "dir": "lib",
        "owner": "NixOS",
        "ref": "nixos-unstable",
        "repo": "nixpkgs",
        "type": "github"
      }
    },
    "nixpkgs-lib_12": {
      "locked": {
        "dir": "lib",
        "lastModified": 1680213900,
        "narHash": "sha256-cIDr5WZIj3EkKyCgj/6j3HBH4Jj1W296z7HTcWj1aMA=",
        "owner": "NixOS",
        "repo": "nixpkgs",
        "rev": "e3652e0735fbec227f342712f180f4f21f0594f2",
        "type": "github"
      },
      "original": {
        "dir": "lib",
        "owner": "NixOS",
        "ref": "nixos-unstable",
        "repo": "nixpkgs",
        "type": "github"
      }
    },
    "nixpkgs-lib_2": {
      "locked": {
        "dir": "lib",
        "lastModified": 1680213900,
        "narHash": "sha256-cIDr5WZIj3EkKyCgj/6j3HBH4Jj1W296z7HTcWj1aMA=",
        "owner": "NixOS",
        "repo": "nixpkgs",
        "rev": "e3652e0735fbec227f342712f180f4f21f0594f2",
        "type": "github"
      },
      "original": {
        "dir": "lib",
        "owner": "NixOS",
        "ref": "nixos-unstable",
        "repo": "nixpkgs",
        "type": "github"
      }
    },
    "nixpkgs-lib_3": {
      "locked": {
        "dir": "lib",
        "lastModified": 1680213900,
        "narHash": "sha256-cIDr5WZIj3EkKyCgj/6j3HBH4Jj1W296z7HTcWj1aMA=",
        "owner": "NixOS",
        "repo": "nixpkgs",
        "rev": "e3652e0735fbec227f342712f180f4f21f0594f2",
        "type": "github"
      },
      "original": {
        "dir": "lib",
        "owner": "NixOS",
        "ref": "nixos-unstable",
        "repo": "nixpkgs",
        "type": "github"
      }
    },
    "nixpkgs-lib_4": {
      "locked": {
        "dir": "lib",
        "lastModified": 1680213900,
        "narHash": "sha256-cIDr5WZIj3EkKyCgj/6j3HBH4Jj1W296z7HTcWj1aMA=",
        "owner": "NixOS",
        "repo": "nixpkgs",
        "rev": "e3652e0735fbec227f342712f180f4f21f0594f2",
        "type": "github"
      },
      "original": {
        "dir": "lib",
        "owner": "NixOS",
        "ref": "nixos-unstable",
        "repo": "nixpkgs",
        "type": "github"
      }
    },
    "nixpkgs-lib_5": {
      "locked": {
        "dir": "lib",
        "lastModified": 1680213900,
        "narHash": "sha256-cIDr5WZIj3EkKyCgj/6j3HBH4Jj1W296z7HTcWj1aMA=",
        "owner": "NixOS",
        "repo": "nixpkgs",
        "rev": "e3652e0735fbec227f342712f180f4f21f0594f2",
        "type": "github"
      },
      "original": {
        "dir": "lib",
        "owner": "NixOS",
        "ref": "nixos-unstable",
        "repo": "nixpkgs",
        "type": "github"
      }
    },
    "nixpkgs-lib_6": {
      "locked": {
        "dir": "lib",
        "lastModified": 1680213900,
        "narHash": "sha256-cIDr5WZIj3EkKyCgj/6j3HBH4Jj1W296z7HTcWj1aMA=",
        "owner": "NixOS",
        "repo": "nixpkgs",
        "rev": "e3652e0735fbec227f342712f180f4f21f0594f2",
        "type": "github"
      },
      "original": {
        "dir": "lib",
        "owner": "NixOS",
        "ref": "nixos-unstable",
        "repo": "nixpkgs",
        "type": "github"
      }
    },
    "nixpkgs-lib_7": {
      "locked": {
        "dir": "lib",
        "lastModified": 1680213900,
        "narHash": "sha256-cIDr5WZIj3EkKyCgj/6j3HBH4Jj1W296z7HTcWj1aMA=",
        "owner": "NixOS",
        "repo": "nixpkgs",
        "rev": "e3652e0735fbec227f342712f180f4f21f0594f2",
        "type": "github"
      },
      "original": {
        "dir": "lib",
        "owner": "NixOS",
        "ref": "nixos-unstable",
        "repo": "nixpkgs",
        "type": "github"
      }
    },
    "nixpkgs-lib_8": {
      "locked": {
        "dir": "lib",
        "lastModified": 1680213900,
        "narHash": "sha256-cIDr5WZIj3EkKyCgj/6j3HBH4Jj1W296z7HTcWj1aMA=",
        "owner": "NixOS",
        "repo": "nixpkgs",
        "rev": "e3652e0735fbec227f342712f180f4f21f0594f2",
        "type": "github"
      },
      "original": {
        "dir": "lib",
        "owner": "NixOS",
        "ref": "nixos-unstable",
        "repo": "nixpkgs",
        "type": "github"
      }
    },
    "nixpkgs-lib_9": {
      "locked": {
        "dir": "lib",
        "lastModified": 1680213900,
        "narHash": "sha256-cIDr5WZIj3EkKyCgj/6j3HBH4Jj1W296z7HTcWj1aMA=",
        "owner": "NixOS",
        "repo": "nixpkgs",
        "rev": "e3652e0735fbec227f342712f180f4f21f0594f2",
        "type": "github"
      },
      "original": {
        "dir": "lib",
        "owner": "NixOS",
        "ref": "nixos-unstable",
        "repo": "nixpkgs",
        "type": "github"
      }
    },
    "nixpkgs_10": {
      "locked": {
        "lastModified": 1680577567,
        "narHash": "sha256-Y4W57i0TzczqwMTjfVSbAZT5RJx7u+mpQIW/ofrkTQs=",
        "owner": "nixos",
        "repo": "nixpkgs",
        "rev": "b01f185e4866de7c5b5a82f833ca9ea3c3f72fc4",
        "type": "github"
      },
      "original": {
        "owner": "nixos",
        "ref": "nixpkgs-unstable",
        "repo": "nixpkgs",
        "type": "github"
      }
    },
    "nixpkgs_11": {
      "locked": {
        "lastModified": 1680819799,
        "narHash": "sha256-zuHl2LNr1Bll64zfr7805Yvvu23S1e//5Up0oqvjknY=",
        "owner": "nixos",
        "repo": "nixpkgs",
        "rev": "144133c526040a5140e89366ff72ac2d387e9bbb",
        "type": "github"
      },
      "original": {
        "owner": "nixos",
        "ref": "nixpkgs-unstable",
        "repo": "nixpkgs",
        "type": "github"
      }
    },
    "nixpkgs_12": {
      "locked": {
        "lastModified": 1680637761,
        "narHash": "sha256-VuXWnGU4g88Rs4njfZ0hxVJGHSyEmnQCsO+i58LXFNo=",
        "owner": "nixos",
        "repo": "nixpkgs",
        "rev": "74c56f2e51d08f0196ed48d32e01d5d408e64451",
        "type": "github"
      },
      "original": {
        "owner": "nixos",
        "ref": "nixpkgs-unstable",
        "repo": "nixpkgs",
        "type": "github"
      }
    },
    "nixpkgs_2": {
      "locked": {
        "lastModified": 1680577567,
        "narHash": "sha256-Y4W57i0TzczqwMTjfVSbAZT5RJx7u+mpQIW/ofrkTQs=",
        "owner": "nixos",
        "repo": "nixpkgs",
        "rev": "b01f185e4866de7c5b5a82f833ca9ea3c3f72fc4",
        "type": "github"
      },
      "original": {
        "owner": "nixos",
        "ref": "nixpkgs-unstable",
        "repo": "nixpkgs",
        "type": "github"
      }
    },
    "nixpkgs_3": {
      "locked": {
        "lastModified": 1680819799,
        "narHash": "sha256-zuHl2LNr1Bll64zfr7805Yvvu23S1e//5Up0oqvjknY=",
        "owner": "nixos",
        "repo": "nixpkgs",
        "rev": "144133c526040a5140e89366ff72ac2d387e9bbb",
        "type": "github"
      },
      "original": {
        "owner": "nixos",
        "ref": "nixpkgs-unstable",
        "repo": "nixpkgs",
        "type": "github"
      }
    },
    "nixpkgs_4": {
      "locked": {
        "lastModified": 1680577567,
        "narHash": "sha256-Y4W57i0TzczqwMTjfVSbAZT5RJx7u+mpQIW/ofrkTQs=",
        "owner": "nixos",
        "repo": "nixpkgs",
        "rev": "b01f185e4866de7c5b5a82f833ca9ea3c3f72fc4",
        "type": "github"
      },
      "original": {
        "owner": "nixos",
        "ref": "nixpkgs-unstable",
        "repo": "nixpkgs",
        "type": "github"
      }
    },
    "nixpkgs_5": {
      "locked": {
        "lastModified": 1680577567,
        "narHash": "sha256-Y4W57i0TzczqwMTjfVSbAZT5RJx7u+mpQIW/ofrkTQs=",
        "owner": "nixos",
        "repo": "nixpkgs",
        "rev": "b01f185e4866de7c5b5a82f833ca9ea3c3f72fc4",
        "type": "github"
      },
      "original": {
        "owner": "nixos",
        "ref": "nixpkgs-unstable",
        "repo": "nixpkgs",
        "type": "github"
      }
    },
    "nixpkgs_6": {
      "locked": {
        "lastModified": 1680942619,
        "narHash": "sha256-kpCW1IegAZfEjCVJW7IPN/hEtRL/9dxaFFYiHS5qVAk=",
        "owner": "nixos",
        "repo": "nixpkgs",
        "rev": "6f95dd4fd050daf017cae2dfeb1cea1ec0e4c1a1",
        "type": "github"
      },
      "original": {
        "owner": "nixos",
        "ref": "nixpkgs-unstable",
        "repo": "nixpkgs",
        "type": "github"
      }
    },
    "nixpkgs_7": {
      "locked": {
        "lastModified": 1680668850,
        "narHash": "sha256-mQMg13yRsS0LXVzaeoSPwqgPO6yhkGzGewPgMSqXSv8=",
        "owner": "nixos",
        "repo": "nixpkgs",
        "rev": "4a65e9f64e53fdca6eed31adba836717a11247d2",
        "type": "github"
      },
      "original": {
        "owner": "nixos",
        "ref": "nixpkgs-unstable",
        "repo": "nixpkgs",
        "type": "github"
      }
    },
    "nixpkgs_8": {
      "locked": {
        "lastModified": 1680577567,
        "narHash": "sha256-Y4W57i0TzczqwMTjfVSbAZT5RJx7u+mpQIW/ofrkTQs=",
        "owner": "nixos",
        "repo": "nixpkgs",
        "rev": "b01f185e4866de7c5b5a82f833ca9ea3c3f72fc4",
        "type": "github"
      },
      "original": {
        "owner": "nixos",
        "ref": "nixpkgs-unstable",
        "repo": "nixpkgs",
        "type": "github"
      }
    },
    "nixpkgs_9": {
      "locked": {
        "lastModified": 1680942619,
        "narHash": "sha256-kpCW1IegAZfEjCVJW7IPN/hEtRL/9dxaFFYiHS5qVAk=",
        "owner": "nixos",
        "repo": "nixpkgs",
        "rev": "6f95dd4fd050daf017cae2dfeb1cea1ec0e4c1a1",
        "type": "github"
      },
      "original": {
        "owner": "nixos",
        "ref": "nixpkgs-unstable",
        "repo": "nixpkgs",
        "type": "github"
      }
    },
    "root": {
      "inputs": {
        "flake-parts": "flake-parts",
        "flake-root": "flake-root",
        "haskell-flake": "haskell-flake",
        "hasql-api": "hasql-api",
        "hasql-dynamic-statements": "hasql-dynamic-statements",
        "hasql-notifications": "hasql-notifications",
        "hasql-pool": "hasql-pool_2",
        "hasql-transaction": "hasql-transaction",
        "mission-control": "mission-control_8",
        "nixpkgs": "nixpkgs_12",
        "treefmt-nix": "treefmt-nix_8"
      }
    },
    "treefmt-nix": {
      "inputs": {
        "nixpkgs": [
          "hasql-api",
          "nixpkgs"
        ]
      },
      "locked": {
        "lastModified": 1680542917,
        "narHash": "sha256-lwqpGONfUhyPgNJ3vtFjB1+mEEWDqgsU7pDXsoCjdP4=",
        "owner": "numtide",
        "repo": "treefmt-nix",
        "rev": "08850c9808fd5e1891cad51f38e92226c7e8f8bd",
        "type": "github"
      },
      "original": {
        "owner": "numtide",
        "repo": "treefmt-nix",
        "type": "github"
      }
    },
    "treefmt-nix_2": {
      "inputs": {
        "nixpkgs": [
          "hasql-dynamic-statements",
          "hasql-api",
          "nixpkgs"
        ]
      },
      "locked": {
        "lastModified": 1680542917,
        "narHash": "sha256-lwqpGONfUhyPgNJ3vtFjB1+mEEWDqgsU7pDXsoCjdP4=",
        "owner": "numtide",
        "repo": "treefmt-nix",
        "rev": "08850c9808fd5e1891cad51f38e92226c7e8f8bd",
        "type": "github"
      },
      "original": {
        "owner": "numtide",
        "repo": "treefmt-nix",
        "type": "github"
      }
    },
    "treefmt-nix_3": {
      "inputs": {
        "nixpkgs": [
          "hasql-notifications",
          "hasql-api",
          "nixpkgs"
        ]
      },
      "locked": {
        "lastModified": 1680542917,
        "narHash": "sha256-lwqpGONfUhyPgNJ3vtFjB1+mEEWDqgsU7pDXsoCjdP4=",
        "owner": "numtide",
        "repo": "treefmt-nix",
        "rev": "08850c9808fd5e1891cad51f38e92226c7e8f8bd",
        "type": "github"
      },
      "original": {
        "owner": "numtide",
        "repo": "treefmt-nix",
        "type": "github"
      }
    },
    "treefmt-nix_4": {
      "inputs": {
        "nixpkgs": [
          "hasql-notifications",
          "hasql-pool",
          "hasql-api",
          "nixpkgs"
        ]
      },
      "locked": {
        "lastModified": 1680542917,
        "narHash": "sha256-lwqpGONfUhyPgNJ3vtFjB1+mEEWDqgsU7pDXsoCjdP4=",
        "owner": "numtide",
        "repo": "treefmt-nix",
        "rev": "08850c9808fd5e1891cad51f38e92226c7e8f8bd",
        "type": "github"
      },
      "original": {
        "owner": "numtide",
        "repo": "treefmt-nix",
        "type": "github"
      }
    },
    "treefmt-nix_5": {
      "inputs": {
        "nixpkgs": [
          "hasql-notifications",
          "nixpkgs"
        ]
      },
      "locked": {
        "lastModified": 1680542917,
        "narHash": "sha256-lwqpGONfUhyPgNJ3vtFjB1+mEEWDqgsU7pDXsoCjdP4=",
        "owner": "numtide",
        "repo": "treefmt-nix",
        "rev": "08850c9808fd5e1891cad51f38e92226c7e8f8bd",
        "type": "github"
      },
      "original": {
        "owner": "numtide",
        "repo": "treefmt-nix",
        "type": "github"
      }
    },
    "treefmt-nix_6": {
      "inputs": {
        "nixpkgs": [
          "hasql-pool",
          "hasql-api",
          "nixpkgs"
        ]
      },
      "locked": {
        "lastModified": 1680542917,
        "narHash": "sha256-lwqpGONfUhyPgNJ3vtFjB1+mEEWDqgsU7pDXsoCjdP4=",
        "owner": "numtide",
        "repo": "treefmt-nix",
        "rev": "08850c9808fd5e1891cad51f38e92226c7e8f8bd",
        "type": "github"
      },
      "original": {
        "owner": "numtide",
        "repo": "treefmt-nix",
        "type": "github"
      }
    },
    "treefmt-nix_7": {
      "inputs": {
        "nixpkgs": [
          "hasql-transaction",
          "hasql-api",
          "nixpkgs"
        ]
      },
      "locked": {
        "lastModified": 1680542917,
        "narHash": "sha256-lwqpGONfUhyPgNJ3vtFjB1+mEEWDqgsU7pDXsoCjdP4=",
        "owner": "numtide",
        "repo": "treefmt-nix",
        "rev": "08850c9808fd5e1891cad51f38e92226c7e8f8bd",
        "type": "github"
      },
      "original": {
        "owner": "numtide",
        "repo": "treefmt-nix",
        "type": "github"
      }
    },
    "treefmt-nix_8": {
      "inputs": {
        "nixpkgs": [
          "nixpkgs"
        ]
      },
      "locked": {
        "lastModified": 1680542917,
        "narHash": "sha256-lwqpGONfUhyPgNJ3vtFjB1+mEEWDqgsU7pDXsoCjdP4=",
        "owner": "numtide",
        "repo": "treefmt-nix",
        "rev": "08850c9808fd5e1891cad51f38e92226c7e8f8bd",
        "type": "github"
      },
      "original": {
        "owner": "numtide",
        "repo": "treefmt-nix",
        "type": "github"
      }
    }
  },
  "root": "root",
  "version": 7
}
